
Microsoft Visual Studio Solution File, Format Version 12.00
# Visual Studio Version 16
VisualStudioVersion = 16.0.31129.286
MinimumVisualStudioVersion = 15.0.26124.0
Project("{9A19103F-16F7-4668-BE54-9A1E7A4F7556}") = "StudentAPI", "StudentAPI\StudentAPI.csproj", "{E5598BCA-90EC-40A6-8C52-86EEE8802533}"
EndProject
Project("{9A19103F-16F7-4668-BE54-9A1E7A4F7556}") = "StudentAPI.Test", "StudentAPI.Test\StudentAPI.Test.csproj", "{50128502-E5D8-4240-B78C-918E281C6D9D}"
EndProject
Global
	GlobalSection(SolutionConfigurationPlatforms) = preSolution
		Debug|Any CPU = Debug|Any CPU
		Debug|x64 = Debug|x64
		Debug|x86 = Debug|x86
		Release|Any CPU = Release|Any CPU
		Release|x64 = Release|x64
		Release|x86 = Release|x86
	EndGlobalSection
	GlobalSection(ProjectConfigurationPlatforms) = postSolution
		{E5598BCA-90EC-40A6-8C52-86EEE8802533}.Debug|Any CPU.ActiveCfg = Debug|Any CPU
		{E5598BCA-90EC-40A6-8C52-86EEE8802533}.Debug|Any CPU.Build.0 = Debug|Any CPU
		{E5598BCA-90EC-40A6-8C52-86EEE8802533}.Debug|x64.ActiveCfg = Debug|Any CPU
		{E5598BCA-90EC-40A6-8C52-86EEE8802533}.Debug|x64.Build.0 = Debug|Any CPU
		{E5598BCA-90EC-40A6-8C52-86EEE8802533}.Debug|x86.ActiveCfg = Debug|Any CPU
		{E5598BCA-90EC-40A6-8C52-86EEE8802533}.Debug|x86.Build.0 = Debug|Any CPU
		{E5598BCA-90EC-40A6-8C52-86EEE8802533}.Release|Any CPU.ActiveCfg = Release|Any CPU
		{E5598BCA-90EC-40A6-8C52-86EEE8802533}.Release|Any CPU.Build.0 = Release|Any CPU
		{E5598BCA-90EC-40A6-8C52-86EEE8802533}.Release|x64.ActiveCfg = Release|Any CPU
		{E5598BCA-90EC-40A6-8C52-86EEE8802533}.Release|x64.Build.0 = Release|Any CPU
		{E5598BCA-90EC-40A6-8C52-86EEE8802533}.Release|x86.ActiveCfg = Release|Any CPU
		{E5598BCA-90EC-40A6-8C52-86EEE8802533}.Release|x86.Build.0 = Release|Any CPU
		{50128502-E5D8-4240-B78C-918E281C6D9D}.Debug|Any CPU.ActiveCfg = Debug|Any CPU
		{50128502-E5D8-4240-B78C-918E281C6D9D}.Debug|Any CPU.Build.0 = Debug|Any CPU
		{50128502-E5D8-4240-B78C-918E281C6D9D}.Debug|x64.ActiveCfg = Debug|Any CPU
		{50128502-E5D8-4240-B78C-918E281C6D9D}.Debug|x64.Build.0 = Debug|Any CPU
		{50128502-E5D8-4240-B78C-918E281C6D9D}.Debug|x86.ActiveCfg = Debug|Any CPU
		{50128502-E5D8-4240-B78C-918E281C6D9D}.Debug|x86.Build.0 = Debug|Any CPU
		{50128502-E5D8-4240-B78C-918E281C6D9D}.Release|Any CPU.ActiveCfg = Release|Any CPU
		{50128502-E5D8-4240-B78C-918E281C6D9D}.Release|Any CPU.Build.0 = Release|Any CPU
		{50128502-E5D8-4240-B78C-918E281C6D9D}.Release|x64.ActiveCfg = Release|Any CPU
		{50128502-E5D8-4240-B78C-918E281C6D9D}.Release|x64.Build.0 = Release|Any CPU
		{50128502-E5D8-4240-B78C-918E281C6D9D}.Release|x86.ActiveCfg = Release|Any CPU
		{50128502-E5D8-4240-B78C-918E281C6D9D}.Release|x86.Build.0 = Release|Any CPU
	EndGlobalSection
	GlobalSection(SolutionProperties) = preSolution
		HideSolutionNode = FALSE
	EndGlobalSection
	GlobalSection(ExtensibilityGlobals) = postSolution
		SolutionGuid = {E78420F9-C017-484A-83DB-1C318A625895}
	EndGlobalSection
EndGlobal
